// !$*UTF8*$!
{
	archiveVersion = 1;
	classes = {
	};
	objectVersion = 50;
	objects = {

/* Begin PBXBuildFile section */
		EF4168B12479A06C00679B47 /* Container.cpp in Sources */ = {isa = PBXBuildFile; fileRef = EF4168AF2479A06C00679B47 /* Container.cpp */; };
		EF8B19352479781800388AED /* main.cpp in Sources */ = {isa = PBXBuildFile; fileRef = EF8B19342479781800388AED /* main.cpp */; };
/* End PBXBuildFile section */

/* Begin PBXCopyFilesBuildPhase section */
		EF8B192F2479781800388AED /* CopyFiles */ = {
			isa = PBXCopyFilesBuildPhase;
			buildActionMask = 2147483647;
			dstPath = /usr/share/man/man1/;
			dstSubfolderSpec = 0;
			files = (
			);
			runOnlyForDeploymentPostprocessing = 1;
		};
/* End PBXCopyFilesBuildPhase section */

/* Begin PBXFileReference section */
		EF4168AF2479A06C00679B47 /* Container.cpp */ = {isa = PBXFileReference; lastKnownFileType = sourcecode.cpp.cpp; path = Container.cpp; sourceTree = "<group>"; };
		EF4168B02479A06C00679B47 /* Container.hpp */ = {isa = PBXFileReference; lastKnownFileType = sourcecode.cpp.h; path = Container.hpp; sourceTree = "<group>"; };
		EF8B19312479781800388AED /* lab_2_3 */ = {isa = PBXFileReference; explicitFileType = "compiled.mach-o.executable"; includeInIndex = 0; path = lab_2_3; sourceTree = BUILT_PRODUCTS_DIR; };
		EF8B19342479781800388AED /* main.cpp */ = {isa = PBXFileReference; lastKnownFileType = sourcecode.cpp.cpp; path = main.cpp; sourceTree = "<group>"; };
		EF8B193B2479926F00388AED /* errors.h */ = {isa = PBXFileReference; lastKnownFileType = sourcecode.c.h; path = errors.h; sourceTree = "<group>"; };
		EF8B193C2479957900388AED /* IContainer.h */ = {isa = PBXFileReference; lastKnownFileType = sourcecode.c.h; path = IContainer.h; sourceTree = "<group>"; };
/* End PBXFileReference section */

/* Begin PBXFrameworksBuildPhase section */
		EF8B192E2479781800388AED /* Frameworks */ = {
			isa = PBXFrameworksBuildPhase;
			buildActionMask = 2147483647;
			files = (
			);
			runOnlyForDeploymentPostprocessing = 0;
		};
/* End PBXFrameworksBuildPhase section */

/* Begin PBXGroup section */
		EF4168B32479A1D800679B47 /* Items */ = {
			isa = PBXGroup;
			children = (
			);
			path = Items;
			sourceTree = "<group>";
		};
		EF8B19282479781800388AED = {
			isa = PBXGroup;
			children = (
				EF8B19332479781800388AED /* lab_2_3 */,
				EF8B19322479781800388AED /* Products */,
			);
			sourceTree = "<group>";
		};
		EF8B19322479781800388AED /* Products */ = {
			isa = PBXGroup;
			children = (
				EF8B19312479781800388AED /* lab_2_3 */,
			);
			name = Products;
			sourceTree = "<group>";
		};
		EF8B19332479781800388AED /* lab_2_3 */ = {
			isa = PBXGroup;
			children = (
				EF8B193B2479926F00388AED /* errors.h */,
				EF8B193D2479967100388AED /* Container */,
				EF8B19342479781800388AED /* main.cpp */,
			);
			path = lab_2_3;
			sourceTree = "<group>";
		};
		EF8B193D2479967100388AED /* Container */ = {
			isa = PBXGroup;
			children = (
				EF8B193C2479957900388AED /* IContainer.h */,
				EF4168B02479A06C00679B47 /* Container.hpp */,
				EF4168AF2479A06C00679B47 /* Container.cpp */,
				EF4168B32479A1D800679B47 /* Items */,
			);
			path = Container;
			sourceTree = "<group>";
		};
/* End PBXGroup section */

/* Begin PBXNativeTarget section */
		EF8B19302479781800388AED /* lab_2_3 */ = {
			isa = PBXNativeTarget;
			buildConfigurationList = EF8B19382479781800388AED /* Build configuration list for PBXNativeTarget "lab_2_3" */;
			buildPhases = (
				EF8B192D2479781800388AED /* Sources */,
				EF8B192E2479781800388AED /* Frameworks */,
				EF8B192F2479781800388AED /* CopyFiles */,
			);
			buildRules = (
			);
			dependencies = (
			);
			name = lab_2_3;
			productName = lab_2_3;
			productReference = EF8B19312479781800388AED /* lab_2_3 */;
			productType = "com.apple.product-type.tool";
		};
/* End PBXNativeTarget section */

/* Begin PBXProject section */
		EF8B19292479781800388AED /* Project object */ = {
			isa = PBXProject;
			attributes = {
				LastUpgradeCheck = 1150;
				ORGANIZATIONNAME = "Кирилл Титов";
				TargetAttributes = {
					EF8B19302479781800388AED = {
						CreatedOnToolsVersion = 11.5;
					};
				};
			};
			buildConfigurationList = EF8B192C2479781800388AED /* Build configuration list for PBXProject "lab_2_3" */;
			compatibilityVersion = "Xcode 9.3";
			developmentRegion = en;
			hasScannedForEncodings = 0;
			knownRegions = (
				en,
				Base,
			);
			mainGroup = EF8B19282479781800388AED;
			productRefGroup = EF8B19322479781800388AED /* Products */;
			projectDirPath = "";
			projectRoot = "";
			targets = (
				EF8B19302479781800388AED /* lab_2_3 */,
			);
		};
/* End PBXProject section */

/* Begin PBXSourcesBuildPhase section */
		EF8B192D2479781800388AED /* Sources */ = {
			isa = PBXSourcesBuildPhase;
			buildActionMask = 2147483647;
			files = (
				EF8B19352479781800388AED /* main.cpp in Sources */,
				EF4168B12479A06C00679B47 /* Container.cpp in Sources */,
			);
			runOnlyForDeploymentPostprocessing = 0;
		};
/* End PBXSourcesBuildPhase section */

/* Begin XCBuildConfiguration section */
		EF8B19362479781800388AED /* Debug */ = {
			isa = XCBuildConfiguration;
			buildSettings = {
				ALWAYS_SEARCH_USER_PATHS = NO;
				CLANG_ANALYZER_NONNULL = YES;
				CLANG_ANALYZER_NUMBER_OBJECT_CONVERSION = YES_AGGRESSIVE;
				CLANG_CXX_LANGUAGE_STANDARD = "gnu++14";
				CLANG_CXX_LIBRARY = "libc++";
				CLANG_ENABLE_MODULES = YES;
				CLANG_ENABLE_OBJC_ARC = YES;
				CLANG_ENABLE_OBJC_WEAK = YES;
				CLANG_WARN_BLOCK_CAPTURE_AUTORELEASING = YES;
				CLANG_WARN_BOOL_CONVERSION = YES;
				CLANG_WARN_COMMA = YES;
				CLANG_WARN_CONSTANT_CONVERSION = YES;
				CLANG_WARN_DEPRECATED_OBJC_IMPLEMENTATIONS = YES;
				CLANG_WARN_DIRECT_OBJC_ISA_USAGE = YES_ERROR;
				CLANG_WARN_DOCUMENTATION_COMMENTS = YES;
				CLANG_WARN_EMPTY_BODY = YES;
				CLANG_WARN_ENUM_CONVERSION = YES;
				CLANG_WARN_INFINITE_RECURSION = YES;
				CLANG_WARN_INT_CONVERSION = YES;
				CLANG_WARN_NON_LITERAL_NULL_CONVERSION = YES;
				CLANG_WARN_OBJC_IMPLICIT_RETAIN_SELF = YES;
				CLANG_WARN_OBJC_LITERAL_CONVERSION = YES;
				CLANG_WARN_OBJC_ROOT_CLASS = YES_ERROR;
				CLANG_WARN_RANGE_LOOP_ANALYSIS = YES;
				CLANG_WARN_STRICT_PROTOTYPES = YES;
				CLANG_WARN_SUSPICIOUS_MOVE = YES;
				CLANG_WARN_UNGUARDED_AVAILABILITY = YES_AGGRESSIVE;
				CLANG_WARN_UNREACHABLE_CODE = YES;
				CLANG_WARN__DUPLICATE_METHOD_MATCH = YES;
				COPY_PHASE_STRIP = NO;
				DEBUG_INFORMATION_FORMAT = dwarf;
				ENABLE_STRICT_OBJC_MSGSEND = YES;
				ENABLE_TESTABILITY = YES;
				GCC_C_LANGUAGE_STANDARD = gnu11;
				GCC_DYNAMIC_NO_PIC = NO;
				GCC_NO_COMMON_BLOCKS = YES;
				GCC_OPTIMIZATION_LEVEL = 0;
				GCC_PREPROCESSOR_DEFINITIONS = (
					"DEBUG=1",
					"$(inherited)",
				);
				GCC_WARN_64_TO_32_BIT_CONVERSION = YES;
				GCC_WARN_ABOUT_RETURN_TYPE = YES_ERROR;
				GCC_WARN_UNDECLARED_SELECTOR = YES;
				GCC_WARN_UNINITIALIZED_AUTOS = YES_AGGRESSIVE;
				GCC_WARN_UNUSED_FUNCTION = YES;
				GCC_WARN_UNUSED_VARIABLE = YES;
				MACOSX_DEPLOYMENT_TARGET = 10.15;
				MTL_ENABLE_DEBUG_INFO = INCLUDE_SOURCE;
				MTL_FAST_MATH = YES;
				ONLY_ACTIVE_ARCH = YES;
				SDKROOT = macosx;
			};
			name = Debug;
		};
		EF8B19372479781800388AED /* Release */ = {
			isa = XCBuildConfiguration;
			buildSettings = {
				ALWAYS_SEARCH_USER_PATHS = NO;
				CLANG_ANALYZER_NONNULL = YES;
				CLANG_ANALYZER_NUMBER_OBJECT_CONVERSION = YES_AGGRESSIVE;
				CLANG_CXX_LANGUAGE_STANDARD = "gnu++14";
				CLANG_CXX_LIBRARY = "libc++";
				CLANG_ENABLE_MODULES = YES;
				CLANG_ENABLE_OBJC_ARC = YES;
				CLANG_ENABLE_OBJC_WEAK = YES;
				CLANG_WARN_BLOCK_CAPTURE_AUTORELEASING = YES;
				CLANG_WARN_BOOL_CONVERSION = YES;
				CLANG_WARN_COMMA = YES;
				CLANG_WARN_CONSTANT_CONVERSION = YES;
				CLANG_WARN_DEPRECATED_OBJC_IMPLEMENTATIONS = YES;
				CLANG_WARN_DIRECT_OBJC_ISA_USAGE = YES_ERROR;
				CLANG_WARN_DOCUMENTATION_COMMENTS = YES;
				CLANG_WARN_EMPTY_BODY = YES;
				CLANG_WARN_ENUM_CONVERSION = YES;
				CLANG_WARN_INFINITE_RECURSION = YES;
				CLANG_WARN_INT_CONVERSION = YES;
				CLANG_WARN_NON_LITERAL_NULL_CONVERSION = YES;
				CLANG_WARN_OBJC_IMPLICIT_RETAIN_SELF = YES;
				CLANG_WARN_OBJC_LITERAL_CONVERSION = YES;
				CLANG_WARN_OBJC_ROOT_CLASS = YES_ERROR;
				CLANG_WARN_RANGE_LOOP_ANALYSIS = YES;
				CLANG_WARN_STRICT_PROTOTYPES = YES;
				CLANG_WARN_SUSPICIOUS_MOVE = YES;
				CLANG_WARN_UNGUARDED_AVAILABILITY = YES_AGGRESSIVE;
				CLANG_WARN_UNREACHABLE_CODE = YES;
				CLANG_WARN__DUPLICATE_METHOD_MATCH = YES;
				COPY_PHASE_STRIP = NO;
				DEBUG_INFORMATION_FORMAT = "dwarf-with-dsym";
				ENABLE_NS_ASSERTIONS = NO;
				ENABLE_STRICT_OBJC_MSGSEND = YES;
				GCC_C_LANGUAGE_STANDARD = gnu11;
				GCC_NO_COMMON_BLOCKS = YES;
				GCC_WARN_64_TO_32_BIT_CONVERSION = YES;
				GCC_WARN_ABOUT_RETURN_TYPE = YES_ERROR;
				GCC_WARN_UNDECLARED_SELECTOR = YES;
				GCC_WARN_UNINITIALIZED_AUTOS = YES_AGGRESSIVE;
				GCC_WARN_UNUSED_FUNCTION = YES;
				GCC_WARN_UNUSED_VARIABLE = YES;
				MACOSX_DEPLOYMENT_TARGET = 10.15;
				MTL_ENABLE_DEBUG_INFO = NO;
				MTL_FAST_MATH = YES;
				SDKROOT = macosx;
			};
			name = Release;
		};
		EF8B19392479781800388AED /* Debug */ = {
			isa = XCBuildConfiguration;
			buildSettings = {
				CODE_SIGN_STYLE = Automatic;
				DEVELOPMENT_TEAM = 9396A9KSNU;
				ENABLE_HARDENED_RUNTIME = YES;
				PRODUCT_NAME = "$(TARGET_NAME)";
			};
			name = Debug;
		};
		EF8B193A2479781800388AED /* Release */ = {
			isa = XCBuildConfiguration;
			buildSettings = {
				CODE_SIGN_STYLE = Automatic;
				DEVELOPMENT_TEAM = 9396A9KSNU;
				ENABLE_HARDENED_RUNTIME = YES;
				PRODUCT_NAME = "$(TARGET_NAME)";
			};
			name = Release;
		};
/* End XCBuildConfiguration section */

/* Begin XCConfigurationList section */
		EF8B192C2479781800388AED /* Build configuration list for PBXProject "lab_2_3" */ = {
			isa = XCConfigurationList;
			buildConfigurations = (
				EF8B19362479781800388AED /* Debug */,
				EF8B19372479781800388AED /* Release */,
			);
			defaultConfigurationIsVisible = 0;
			defaultConfigurationName = Release;
		};
		EF8B19382479781800388AED /* Build configuration list for PBXNativeTarget "lab_2_3" */ = {
			isa = XCConfigurationList;
			buildConfigurations = (
				EF8B19392479781800388AED /* Debug */,
				EF8B193A2479781800388AED /* Release */,
			);
			defaultConfigurationIsVisible = 0;
			defaultConfigurationName = Release;
		};
/* End XCConfigurationList section */
	};
	rootObject = EF8B19292479781800388AED /* Project object */;
}
